
Microsoft Visual Studio Solution File, Format Version 12.00
# Visual Studio Version 17
VisualStudioVersion = 17.9.34714.143
MinimumVisualStudioVersion = 10.0.40219.1
Project("{FAE04EC0-301F-11D3-BF4B-00C04F79EFBC}") = "CarInsurance", "CarInsurance.csproj", "{F32E95CA-894B-48EF-8906-E08589C5306C}"
EndProject
Global
	GlobalSection(SolutionConfigurationPlatforms) = preSolution
		Debug|Any CPU = Debug|Any CPU
		Release|Any CPU = Release|Any CPU
	EndGlobalSection
	GlobalSection(ProjectConfigurationPlatforms) = postSolution
		{F32E95CA-894B-48EF-8906-E08589C5306C}.Debug|Any CPU.ActiveCfg = Debug|Any CPU
		{F32E95CA-894B-48EF-8906-E08589C5306C}.Debug|Any CPU.Build.0 = Debug|Any CPU
		{F32E95CA-894B-48EF-8906-E08589C5306C}.Release|Any CPU.ActiveCfg = Release|Any CPU
		{F32E95CA-894B-48EF-8906-E08589C5306C}.Release|Any CPU.Build.0 = Release|Any CPU
	EndGlobalSection
	GlobalSection(SolutionProperties) = preSolution
		HideSolutionNode = FALSE
	EndGlobalSection
	GlobalSection(ExtensibilityGlobals) = postSolution
		SolutionGuid = {8A63D425-50B0-4AA0-A20F-E327B09DFECD}
	EndGlobalSection
EndGlobal
