
Microsoft Visual Studio Solution File, Format Version 12.00
# Visual Studio Version 17
VisualStudioVersion = 17.9.34701.34
MinimumVisualStudioVersion = 10.0.40219.1
Project("{FAE04EC0-301F-11D3-BF4B-00C04F79EFBC}") = "OperatorsAssignmentSubmission", "OperatorsAssignmentSubmission.csproj", "{81338A27-EEC2-4A2F-8445-0914C79C3C2A}"
EndProject
Global
	GlobalSection(SolutionConfigurationPlatforms) = preSolution
		Debug|Any CPU = Debug|Any CPU
		Release|Any CPU = Release|Any CPU
	EndGlobalSection
	GlobalSection(ProjectConfigurationPlatforms) = postSolution
		{81338A27-EEC2-4A2F-8445-0914C79C3C2A}.Debug|Any CPU.ActiveCfg = Debug|Any CPU
		{81338A27-EEC2-4A2F-8445-0914C79C3C2A}.Debug|Any CPU.Build.0 = Debug|Any CPU
		{81338A27-EEC2-4A2F-8445-0914C79C3C2A}.Release|Any CPU.ActiveCfg = Release|Any CPU
		{81338A27-EEC2-4A2F-8445-0914C79C3C2A}.Release|Any CPU.Build.0 = Release|Any CPU
	EndGlobalSection
	GlobalSection(SolutionProperties) = preSolution
		HideSolutionNode = FALSE
	EndGlobalSection
	GlobalSection(ExtensibilityGlobals) = postSolution
		SolutionGuid = {550CCA7A-25CE-4463-B43B-7C8B702BBC08}
	EndGlobalSection
EndGlobal
